{
  "name": "resizable-children-example",
  "version": "1.0.6",
  "lockfileVersion": 2,
  "requires": true,
  "packages": {
    "": {
      "name": "resizable-children-example",
      "version": "1.0.6",
      "dependencies": {
        "resizable-children": "../dist/index.js"
      }
    },
    "../dist/index.js": {},
    "../dist/resizable-children.js": {
      "extraneous": true
    },
    "node_modules/resizable-children": {
      "resolved": "../dist/index.js",
      "link": true
    }
  },
  "dependencies": {
    "resizable-children": {
      "version": "file:../dist/index.js"
    }
  }
}
